
Microsoft Visual Studio Solution File, Format Version 12.00
# Visual Studio Version 17
VisualStudioVersion = 17.1.32407.343
MinimumVisualStudioVersion = 10.0.40219.1
Project("{9A19103F-16F7-4668-BE54-9A1E7A4F7556}") = "BlazorEcommerce.Server", "BlazorEcommerce\Server\BlazorEcommerce.Server.csproj", "{C232EA40-C16D-4579-B392-2908BFA499B4}"
EndProject
Project("{9A19103F-16F7-4668-BE54-9A1E7A4F7556}") = "BlazorEcommerce.Client", "BlazorEcommerce\Client\BlazorEcommerce.Client.csproj", "{FB60A6CA-32F5-42C3-ADE3-D75B078C3749}"
EndProject
Project("{9A19103F-16F7-4668-BE54-9A1E7A4F7556}") = "BlazorEcommerce.Shared", "BlazorEcommerce\Shared\BlazorEcommerce.Shared.csproj", "{1D3059FB-9F44-4EC7-B506-9569D024A9A2}"
EndProject
Global
	GlobalSection(SolutionConfigurationPlatforms) = preSolution
		Debug|Any CPU = Debug|Any CPU
		Release|Any CPU = Release|Any CPU
	EndGlobalSection
	GlobalSection(ProjectConfigurationPlatforms) = postSolution
		{C232EA40-C16D-4579-B392-2908BFA499B4}.Debug|Any CPU.ActiveCfg = Debug|Any CPU
		{C232EA40-C16D-4579-B392-2908BFA499B4}.Debug|Any CPU.Build.0 = Debug|Any CPU
		{C232EA40-C16D-4579-B392-2908BFA499B4}.Release|Any CPU.ActiveCfg = Release|Any CPU
		{C232EA40-C16D-4579-B392-2908BFA499B4}.Release|Any CPU.Build.0 = Release|Any CPU
		{FB60A6CA-32F5-42C3-ADE3-D75B078C3749}.Debug|Any CPU.ActiveCfg = Debug|Any CPU
		{FB60A6CA-32F5-42C3-ADE3-D75B078C3749}.Debug|Any CPU.Build.0 = Debug|Any CPU
		{FB60A6CA-32F5-42C3-ADE3-D75B078C3749}.Release|Any CPU.ActiveCfg = Release|Any CPU
		{FB60A6CA-32F5-42C3-ADE3-D75B078C3749}.Release|Any CPU.Build.0 = Release|Any CPU
		{1D3059FB-9F44-4EC7-B506-9569D024A9A2}.Debug|Any CPU.ActiveCfg = Debug|Any CPU
		{1D3059FB-9F44-4EC7-B506-9569D024A9A2}.Debug|Any CPU.Build.0 = Debug|Any CPU
		{1D3059FB-9F44-4EC7-B506-9569D024A9A2}.Release|Any CPU.ActiveCfg = Release|Any CPU
		{1D3059FB-9F44-4EC7-B506-9569D024A9A2}.Release|Any CPU.Build.0 = Release|Any CPU
	EndGlobalSection
	GlobalSection(SolutionProperties) = preSolution
		HideSolutionNode = FALSE
	EndGlobalSection
	GlobalSection(ExtensibilityGlobals) = postSolution
		SolutionGuid = {967C68F6-4A01-4644-997E-D9B4956A16EB}
	EndGlobalSection
EndGlobal
