
Microsoft Visual Studio Solution File, Format Version 12.00
# Visual Studio Version 17
VisualStudioVersion = 17.5.33516.290
MinimumVisualStudioVersion = 10.0.40219.1
Project("{9A19103F-16F7-4668-BE54-9A1E7A4F7556}") = "BlazorEcommerce.Server", "BlazorEcommerce\Server\BlazorEcommerce.Server.csproj", "{B53B2B31-F19B-4488-A8BF-0F02776DA33B}"
EndProject
Project("{9A19103F-16F7-4668-BE54-9A1E7A4F7556}") = "BlazorEcommerce.Client", "BlazorEcommerce\Client\BlazorEcommerce.Client.csproj", "{7529716C-0E3E-4D85-8DBB-136133874FF7}"
EndProject
Project("{9A19103F-16F7-4668-BE54-9A1E7A4F7556}") = "BlazorEcommerce.Shared", "BlazorEcommerce\Shared\BlazorEcommerce.Shared.csproj", "{8A0DAAB0-24C1-407D-ADEC-80C16B98B65C}"
EndProject
Global
	GlobalSection(SolutionConfigurationPlatforms) = preSolution
		Debug|Any CPU = Debug|Any CPU
		Release|Any CPU = Release|Any CPU
	EndGlobalSection
	GlobalSection(ProjectConfigurationPlatforms) = postSolution
		{B53B2B31-F19B-4488-A8BF-0F02776DA33B}.Debug|Any CPU.ActiveCfg = Debug|Any CPU
		{B53B2B31-F19B-4488-A8BF-0F02776DA33B}.Debug|Any CPU.Build.0 = Debug|Any CPU
		{B53B2B31-F19B-4488-A8BF-0F02776DA33B}.Release|Any CPU.ActiveCfg = Release|Any CPU
		{B53B2B31-F19B-4488-A8BF-0F02776DA33B}.Release|Any CPU.Build.0 = Release|Any CPU
		{7529716C-0E3E-4D85-8DBB-136133874FF7}.Debug|Any CPU.ActiveCfg = Debug|Any CPU
		{7529716C-0E3E-4D85-8DBB-136133874FF7}.Debug|Any CPU.Build.0 = Debug|Any CPU
		{7529716C-0E3E-4D85-8DBB-136133874FF7}.Release|Any CPU.ActiveCfg = Release|Any CPU
		{7529716C-0E3E-4D85-8DBB-136133874FF7}.Release|Any CPU.Build.0 = Release|Any CPU
		{8A0DAAB0-24C1-407D-ADEC-80C16B98B65C}.Debug|Any CPU.ActiveCfg = Debug|Any CPU
		{8A0DAAB0-24C1-407D-ADEC-80C16B98B65C}.Debug|Any CPU.Build.0 = Debug|Any CPU
		{8A0DAAB0-24C1-407D-ADEC-80C16B98B65C}.Release|Any CPU.ActiveCfg = Release|Any CPU
		{8A0DAAB0-24C1-407D-ADEC-80C16B98B65C}.Release|Any CPU.Build.0 = Release|Any CPU
	EndGlobalSection
	GlobalSection(SolutionProperties) = preSolution
		HideSolutionNode = FALSE
	EndGlobalSection
	GlobalSection(ExtensibilityGlobals) = postSolution
		SolutionGuid = {EAE970CB-B8DA-497B-96E2-75D03A8D1D22}
	EndGlobalSection
EndGlobal
